
Microsoft Visual Studio Solution File, Format Version 12.00
# Visual Studio 15
VisualStudioVersion = 15.0.28307.1340
MinimumVisualStudioVersion = 10.0.40219.1
Project("{F184B08F-C81C-45F6-A57F-5ABD9991F28F}") = "CryptoStreamerDNA", "CryptoStreamerDNA\CryptoStreamerDNA.vbproj", "{DA51021F-142B-4FDB-BDB2-3CA60D726D9D}"
EndProject
Global
	GlobalSection(SolutionConfigurationPlatforms) = preSolution
		Debug|Any CPU = Debug|Any CPU
		Release|Any CPU = Release|Any CPU
	EndGlobalSection
	GlobalSection(ProjectConfigurationPlatforms) = postSolution
		{DA51021F-142B-4FDB-BDB2-3CA60D726D9D}.Debug|Any CPU.ActiveCfg = Debug|Any CPU
		{DA51021F-142B-4FDB-BDB2-3CA60D726D9D}.Debug|Any CPU.Build.0 = Debug|Any CPU
		{DA51021F-142B-4FDB-BDB2-3CA60D726D9D}.Release|Any CPU.ActiveCfg = Release|Any CPU
		{DA51021F-142B-4FDB-BDB2-3CA60D726D9D}.Release|Any CPU.Build.0 = Release|Any CPU
	EndGlobalSection
	GlobalSection(SolutionProperties) = preSolution
		HideSolutionNode = FALSE
	EndGlobalSection
	GlobalSection(ExtensibilityGlobals) = postSolution
		SolutionGuid = {BF66A18B-259E-486D-8AAD-684A8FEDF771}
	EndGlobalSection
EndGlobal
